
Microsoft Visual Studio Solution File, Format Version 12.00
# Visual Studio Version 17
VisualStudioVersion = 17.0.31903.59
MinimumVisualStudioVersion = 10.0.40219.1
Project("{FAE04EC0-301F-11D3-BF4B-00C04F79EFBC}") = "STLViewer.Core", "STLViewer.Core\STLViewer.Core.csproj", "{9425F108-D0FC-416D-B7AE-2D8592DC22C3}"
EndProject
Project("{FAE04EC0-301F-11D3-BF4B-00C04F79EFBC}") = "STLViewer.Domain", "STLViewer.Domain\STLViewer.Domain.csproj", "{BE8A6C27-C099-4F08-BFF4-5ED6C97FDBFD}"
EndProject
Project("{FAE04EC0-301F-11D3-BF4B-00C04F79EFBC}") = "STLViewer.Infrastructure", "STLViewer.Infrastructure\STLViewer.Infrastructure.csproj", "{FCC7C05D-E0E1-4FEC-9702-7B587959FBB3}"
EndProject
Project("{FAE04EC0-301F-11D3-BF4B-00C04F79EFBC}") = "STLViewer.Application", "STLViewer.Application\STLViewer.Application.csproj", "{3E846F0A-6079-4F8D-B670-2EB73BE83EB2}"
EndProject
Project("{FAE04EC0-301F-11D3-BF4B-00C04F79EFBC}") = "STLViewer.Math", "STLViewer.Math\STLViewer.Math.csproj", "{0F99934D-0EF7-43BB-857D-0971F66C4A10}"
EndProject
Project("{FAE04EC0-301F-11D3-BF4B-00C04F79EFBC}") = "STLViewer.UI", "STLViewer.UI\STLViewer.UI.csproj", "{793DDC85-B143-4F3E-AFCE-F407263EE01A}"
EndProject
Project("{FAE04EC0-301F-11D3-BF4B-00C04F79EFBC}") = "STLViewer.Desktop", "STLViewer.Desktop\STLViewer.Desktop.csproj", "{238F4785-A4E3-4859-8C5D-477518E49E82}"
EndProject
Project("{2150E333-8FDC-42A3-9474-1A3956D46DE8}") = "tests", "tests", "{0AB3BF05-4346-4AA6-1389-037BE0695223}"
EndProject
Project("{FAE04EC0-301F-11D3-BF4B-00C04F79EFBC}") = "STLViewer.Core.Tests", "tests\STLViewer.Core.Tests\STLViewer.Core.Tests.csproj", "{0A52A001-4856-45B0-93F9-C16DCADCC288}"
EndProject
Project("{FAE04EC0-301F-11D3-BF4B-00C04F79EFBC}") = "STLViewer.Application.Tests", "tests\STLViewer.Application.Tests\STLViewer.Application.Tests.csproj", "{BDE8B734-12C5-43FD-B9EF-899ABD16CB01}"
EndProject
Project("{FAE04EC0-301F-11D3-BF4B-00C04F79EFBC}") = "STLViewer.Math.Tests", "tests\STLViewer.Math.Tests\STLViewer.Math.Tests.csproj", "{248BED0D-CD32-4E48-8F18-23F1103D6255}"
EndProject
Project("{FAE04EC0-301F-11D3-BF4B-00C04F79EFBC}") = "STLViewer.Infrastructure.Tests", "tests\STLViewer.Infrastructure.Tests\STLViewer.Infrastructure.Tests.csproj", "{DA4E0EA6-B92B-469C-B32D-C2E201AC047F}"
EndProject
Global
	GlobalSection(SolutionConfigurationPlatforms) = preSolution
		Debug|Any CPU = Debug|Any CPU
		Debug|x64 = Debug|x64
		Debug|x86 = Debug|x86
		Release|Any CPU = Release|Any CPU
		Release|x64 = Release|x64
		Release|x86 = Release|x86
	EndGlobalSection
	GlobalSection(ProjectConfigurationPlatforms) = postSolution
		{9425F108-D0FC-416D-B7AE-2D8592DC22C3}.Debug|Any CPU.ActiveCfg = Debug|Any CPU
		{9425F108-D0FC-416D-B7AE-2D8592DC22C3}.Debug|Any CPU.Build.0 = Debug|Any CPU
		{9425F108-D0FC-416D-B7AE-2D8592DC22C3}.Debug|x64.ActiveCfg = Debug|Any CPU
		{9425F108-D0FC-416D-B7AE-2D8592DC22C3}.Debug|x64.Build.0 = Debug|Any CPU
		{9425F108-D0FC-416D-B7AE-2D8592DC22C3}.Debug|x86.ActiveCfg = Debug|Any CPU
		{9425F108-D0FC-416D-B7AE-2D8592DC22C3}.Debug|x86.Build.0 = Debug|Any CPU
		{9425F108-D0FC-416D-B7AE-2D8592DC22C3}.Release|Any CPU.ActiveCfg = Release|Any CPU
		{9425F108-D0FC-416D-B7AE-2D8592DC22C3}.Release|Any CPU.Build.0 = Release|Any CPU
		{9425F108-D0FC-416D-B7AE-2D8592DC22C3}.Release|x64.ActiveCfg = Release|Any CPU
		{9425F108-D0FC-416D-B7AE-2D8592DC22C3}.Release|x64.Build.0 = Release|Any CPU
		{9425F108-D0FC-416D-B7AE-2D8592DC22C3}.Release|x86.ActiveCfg = Release|Any CPU
		{9425F108-D0FC-416D-B7AE-2D8592DC22C3}.Release|x86.Build.0 = Release|Any CPU
		{BE8A6C27-C099-4F08-BFF4-5ED6C97FDBFD}.Debug|Any CPU.ActiveCfg = Debug|Any CPU
		{BE8A6C27-C099-4F08-BFF4-5ED6C97FDBFD}.Debug|Any CPU.Build.0 = Debug|Any CPU
		{BE8A6C27-C099-4F08-BFF4-5ED6C97FDBFD}.Debug|x64.ActiveCfg = Debug|Any CPU
		{BE8A6C27-C099-4F08-BFF4-5ED6C97FDBFD}.Debug|x64.Build.0 = Debug|Any CPU
		{BE8A6C27-C099-4F08-BFF4-5ED6C97FDBFD}.Debug|x86.ActiveCfg = Debug|Any CPU
		{BE8A6C27-C099-4F08-BFF4-5ED6C97FDBFD}.Debug|x86.Build.0 = Debug|Any CPU
		{BE8A6C27-C099-4F08-BFF4-5ED6C97FDBFD}.Release|Any CPU.ActiveCfg = Release|Any CPU
		{BE8A6C27-C099-4F08-BFF4-5ED6C97FDBFD}.Release|Any CPU.Build.0 = Release|Any CPU
		{BE8A6C27-C099-4F08-BFF4-5ED6C97FDBFD}.Release|x64.ActiveCfg = Release|Any CPU
		{BE8A6C27-C099-4F08-BFF4-5ED6C97FDBFD}.Release|x64.Build.0 = Release|Any CPU
		{BE8A6C27-C099-4F08-BFF4-5ED6C97FDBFD}.Release|x86.ActiveCfg = Release|Any CPU
		{BE8A6C27-C099-4F08-BFF4-5ED6C97FDBFD}.Release|x86.Build.0 = Release|Any CPU
		{FCC7C05D-E0E1-4FEC-9702-7B587959FBB3}.Debug|Any CPU.ActiveCfg = Debug|Any CPU
		{FCC7C05D-E0E1-4FEC-9702-7B587959FBB3}.Debug|Any CPU.Build.0 = Debug|Any CPU
		{FCC7C05D-E0E1-4FEC-9702-7B587959FBB3}.Debug|x64.ActiveCfg = Debug|Any CPU
		{FCC7C05D-E0E1-4FEC-9702-7B587959FBB3}.Debug|x64.Build.0 = Debug|Any CPU
		{FCC7C05D-E0E1-4FEC-9702-7B587959FBB3}.Debug|x86.ActiveCfg = Debug|Any CPU
		{FCC7C05D-E0E1-4FEC-9702-7B587959FBB3}.Debug|x86.Build.0 = Debug|Any CPU
		{FCC7C05D-E0E1-4FEC-9702-7B587959FBB3}.Release|Any CPU.ActiveCfg = Release|Any CPU
		{FCC7C05D-E0E1-4FEC-9702-7B587959FBB3}.Release|Any CPU.Build.0 = Release|Any CPU
		{FCC7C05D-E0E1-4FEC-9702-7B587959FBB3}.Release|x64.ActiveCfg = Release|Any CPU
		{FCC7C05D-E0E1-4FEC-9702-7B587959FBB3}.Release|x64.Build.0 = Release|Any CPU
		{FCC7C05D-E0E1-4FEC-9702-7B587959FBB3}.Release|x86.ActiveCfg = Release|Any CPU
		{FCC7C05D-E0E1-4FEC-9702-7B587959FBB3}.Release|x86.Build.0 = Release|Any CPU
		{3E846F0A-6079-4F8D-B670-2EB73BE83EB2}.Debug|Any CPU.ActiveCfg = Debug|Any CPU
		{3E846F0A-6079-4F8D-B670-2EB73BE83EB2}.Debug|Any CPU.Build.0 = Debug|Any CPU
		{3E846F0A-6079-4F8D-B670-2EB73BE83EB2}.Debug|x64.ActiveCfg = Debug|Any CPU
		{3E846F0A-6079-4F8D-B670-2EB73BE83EB2}.Debug|x64.Build.0 = Debug|Any CPU
		{3E846F0A-6079-4F8D-B670-2EB73BE83EB2}.Debug|x86.ActiveCfg = Debug|Any CPU
		{3E846F0A-6079-4F8D-B670-2EB73BE83EB2}.Debug|x86.Build.0 = Debug|Any CPU
		{3E846F0A-6079-4F8D-B670-2EB73BE83EB2}.Release|Any CPU.ActiveCfg = Release|Any CPU
		{3E846F0A-6079-4F8D-B670-2EB73BE83EB2}.Release|Any CPU.Build.0 = Release|Any CPU
		{3E846F0A-6079-4F8D-B670-2EB73BE83EB2}.Release|x64.ActiveCfg = Release|Any CPU
		{3E846F0A-6079-4F8D-B670-2EB73BE83EB2}.Release|x64.Build.0 = Release|Any CPU
		{3E846F0A-6079-4F8D-B670-2EB73BE83EB2}.Release|x86.ActiveCfg = Release|Any CPU
		{3E846F0A-6079-4F8D-B670-2EB73BE83EB2}.Release|x86.Build.0 = Release|Any CPU
		{0F99934D-0EF7-43BB-857D-0971F66C4A10}.Debug|Any CPU.ActiveCfg = Debug|Any CPU
		{0F99934D-0EF7-43BB-857D-0971F66C4A10}.Debug|Any CPU.Build.0 = Debug|Any CPU
		{0F99934D-0EF7-43BB-857D-0971F66C4A10}.Debug|x64.ActiveCfg = Debug|Any CPU
		{0F99934D-0EF7-43BB-857D-0971F66C4A10}.Debug|x64.Build.0 = Debug|Any CPU
		{0F99934D-0EF7-43BB-857D-0971F66C4A10}.Debug|x86.ActiveCfg = Debug|Any CPU
		{0F99934D-0EF7-43BB-857D-0971F66C4A10}.Debug|x86.Build.0 = Debug|Any CPU
		{0F99934D-0EF7-43BB-857D-0971F66C4A10}.Release|Any CPU.ActiveCfg = Release|Any CPU
		{0F99934D-0EF7-43BB-857D-0971F66C4A10}.Release|Any CPU.Build.0 = Release|Any CPU
		{0F99934D-0EF7-43BB-857D-0971F66C4A10}.Release|x64.ActiveCfg = Release|Any CPU
		{0F99934D-0EF7-43BB-857D-0971F66C4A10}.Release|x64.Build.0 = Release|Any CPU
		{0F99934D-0EF7-43BB-857D-0971F66C4A10}.Release|x86.ActiveCfg = Release|Any CPU
		{0F99934D-0EF7-43BB-857D-0971F66C4A10}.Release|x86.Build.0 = Release|Any CPU
		{793DDC85-B143-4F3E-AFCE-F407263EE01A}.Debug|Any CPU.ActiveCfg = Debug|Any CPU
		{793DDC85-B143-4F3E-AFCE-F407263EE01A}.Debug|Any CPU.Build.0 = Debug|Any CPU
		{793DDC85-B143-4F3E-AFCE-F407263EE01A}.Debug|x64.ActiveCfg = Debug|Any CPU
		{793DDC85-B143-4F3E-AFCE-F407263EE01A}.Debug|x64.Build.0 = Debug|Any CPU
		{793DDC85-B143-4F3E-AFCE-F407263EE01A}.Debug|x86.ActiveCfg = Debug|Any CPU
		{793DDC85-B143-4F3E-AFCE-F407263EE01A}.Debug|x86.Build.0 = Debug|Any CPU
		{793DDC85-B143-4F3E-AFCE-F407263EE01A}.Release|Any CPU.ActiveCfg = Release|Any CPU
		{793DDC85-B143-4F3E-AFCE-F407263EE01A}.Release|Any CPU.Build.0 = Release|Any CPU
		{793DDC85-B143-4F3E-AFCE-F407263EE01A}.Release|x64.ActiveCfg = Release|Any CPU
		{793DDC85-B143-4F3E-AFCE-F407263EE01A}.Release|x64.Build.0 = Release|Any CPU
		{793DDC85-B143-4F3E-AFCE-F407263EE01A}.Release|x86.ActiveCfg = Release|Any CPU
		{793DDC85-B143-4F3E-AFCE-F407263EE01A}.Release|x86.Build.0 = Release|Any CPU
		{238F4785-A4E3-4859-8C5D-477518E49E82}.Debug|Any CPU.ActiveCfg = Debug|Any CPU
		{238F4785-A4E3-4859-8C5D-477518E49E82}.Debug|Any CPU.Build.0 = Debug|Any CPU
		{238F4785-A4E3-4859-8C5D-477518E49E82}.Debug|x64.ActiveCfg = Debug|Any CPU
		{238F4785-A4E3-4859-8C5D-477518E49E82}.Debug|x64.Build.0 = Debug|Any CPU
		{238F4785-A4E3-4859-8C5D-477518E49E82}.Debug|x86.ActiveCfg = Debug|Any CPU
		{238F4785-A4E3-4859-8C5D-477518E49E82}.Debug|x86.Build.0 = Debug|Any CPU
		{238F4785-A4E3-4859-8C5D-477518E49E82}.Release|Any CPU.ActiveCfg = Release|Any CPU
		{238F4785-A4E3-4859-8C5D-477518E49E82}.Release|Any CPU.Build.0 = Release|Any CPU
		{238F4785-A4E3-4859-8C5D-477518E49E82}.Release|x64.ActiveCfg = Release|Any CPU
		{238F4785-A4E3-4859-8C5D-477518E49E82}.Release|x64.Build.0 = Release|Any CPU
		{238F4785-A4E3-4859-8C5D-477518E49E82}.Release|x86.ActiveCfg = Release|Any CPU
		{238F4785-A4E3-4859-8C5D-477518E49E82}.Release|x86.Build.0 = Release|Any CPU
		{0A52A001-4856-45B0-93F9-C16DCADCC288}.Debug|Any CPU.ActiveCfg = Debug|Any CPU
		{0A52A001-4856-45B0-93F9-C16DCADCC288}.Debug|Any CPU.Build.0 = Debug|Any CPU
		{0A52A001-4856-45B0-93F9-C16DCADCC288}.Debug|x64.ActiveCfg = Debug|Any CPU
		{0A52A001-4856-45B0-93F9-C16DCADCC288}.Debug|x64.Build.0 = Debug|Any CPU
		{0A52A001-4856-45B0-93F9-C16DCADCC288}.Debug|x86.ActiveCfg = Debug|Any CPU
		{0A52A001-4856-45B0-93F9-C16DCADCC288}.Debug|x86.Build.0 = Debug|Any CPU
		{0A52A001-4856-45B0-93F9-C16DCADCC288}.Release|Any CPU.ActiveCfg = Release|Any CPU
		{0A52A001-4856-45B0-93F9-C16DCADCC288}.Release|Any CPU.Build.0 = Release|Any CPU
		{0A52A001-4856-45B0-93F9-C16DCADCC288}.Release|x64.ActiveCfg = Release|Any CPU
		{0A52A001-4856-45B0-93F9-C16DCADCC288}.Release|x64.Build.0 = Release|Any CPU
		{0A52A001-4856-45B0-93F9-C16DCADCC288}.Release|x86.ActiveCfg = Release|Any CPU
		{0A52A001-4856-45B0-93F9-C16DCADCC288}.Release|x86.Build.0 = Release|Any CPU
		{BDE8B734-12C5-43FD-B9EF-899ABD16CB01}.Debug|Any CPU.ActiveCfg = Debug|Any CPU
		{BDE8B734-12C5-43FD-B9EF-899ABD16CB01}.Debug|Any CPU.Build.0 = Debug|Any CPU
		{BDE8B734-12C5-43FD-B9EF-899ABD16CB01}.Debug|x64.ActiveCfg = Debug|Any CPU
		{BDE8B734-12C5-43FD-B9EF-899ABD16CB01}.Debug|x64.Build.0 = Debug|Any CPU
		{BDE8B734-12C5-43FD-B9EF-899ABD16CB01}.Debug|x86.ActiveCfg = Debug|Any CPU
		{BDE8B734-12C5-43FD-B9EF-899ABD16CB01}.Debug|x86.Build.0 = Debug|Any CPU
		{BDE8B734-12C5-43FD-B9EF-899ABD16CB01}.Release|Any CPU.ActiveCfg = Release|Any CPU
		{BDE8B734-12C5-43FD-B9EF-899ABD16CB01}.Release|Any CPU.Build.0 = Release|Any CPU
		{BDE8B734-12C5-43FD-B9EF-899ABD16CB01}.Release|x64.ActiveCfg = Release|Any CPU
		{BDE8B734-12C5-43FD-B9EF-899ABD16CB01}.Release|x64.Build.0 = Release|Any CPU
		{BDE8B734-12C5-43FD-B9EF-899ABD16CB01}.Release|x86.ActiveCfg = Release|Any CPU
		{BDE8B734-12C5-43FD-B9EF-899ABD16CB01}.Release|x86.Build.0 = Release|Any CPU
		{248BED0D-CD32-4E48-8F18-23F1103D6255}.Debug|Any CPU.ActiveCfg = Debug|Any CPU
		{248BED0D-CD32-4E48-8F18-23F1103D6255}.Debug|Any CPU.Build.0 = Debug|Any CPU
		{248BED0D-CD32-4E48-8F18-23F1103D6255}.Debug|x64.ActiveCfg = Debug|Any CPU
		{248BED0D-CD32-4E48-8F18-23F1103D6255}.Debug|x64.Build.0 = Debug|Any CPU
		{248BED0D-CD32-4E48-8F18-23F1103D6255}.Debug|x86.ActiveCfg = Debug|Any CPU
		{248BED0D-CD32-4E48-8F18-23F1103D6255}.Debug|x86.Build.0 = Debug|Any CPU
		{248BED0D-CD32-4E48-8F18-23F1103D6255}.Release|Any CPU.ActiveCfg = Release|Any CPU
		{248BED0D-CD32-4E48-8F18-23F1103D6255}.Release|Any CPU.Build.0 = Release|Any CPU
		{248BED0D-CD32-4E48-8F18-23F1103D6255}.Release|x64.ActiveCfg = Release|Any CPU
		{248BED0D-CD32-4E48-8F18-23F1103D6255}.Release|x64.Build.0 = Release|Any CPU
		{248BED0D-CD32-4E48-8F18-23F1103D6255}.Release|x86.ActiveCfg = Release|Any CPU
		{248BED0D-CD32-4E48-8F18-23F1103D6255}.Release|x86.Build.0 = Release|Any CPU
		{DA4E0EA6-B92B-469C-B32D-C2E201AC047F}.Debug|Any CPU.ActiveCfg = Debug|Any CPU
		{DA4E0EA6-B92B-469C-B32D-C2E201AC047F}.Debug|Any CPU.Build.0 = Debug|Any CPU
		{DA4E0EA6-B92B-469C-B32D-C2E201AC047F}.Debug|x64.ActiveCfg = Debug|Any CPU
		{DA4E0EA6-B92B-469C-B32D-C2E201AC047F}.Debug|x64.Build.0 = Debug|Any CPU
		{DA4E0EA6-B92B-469C-B32D-C2E201AC047F}.Debug|x86.ActiveCfg = Debug|Any CPU
		{DA4E0EA6-B92B-469C-B32D-C2E201AC047F}.Debug|x86.Build.0 = Debug|Any CPU
		{DA4E0EA6-B92B-469C-B32D-C2E201AC047F}.Release|Any CPU.ActiveCfg = Release|Any CPU
		{DA4E0EA6-B92B-469C-B32D-C2E201AC047F}.Release|Any CPU.Build.0 = Release|Any CPU
		{DA4E0EA6-B92B-469C-B32D-C2E201AC047F}.Release|x64.ActiveCfg = Release|Any CPU
		{DA4E0EA6-B92B-469C-B32D-C2E201AC047F}.Release|x64.Build.0 = Release|Any CPU
		{DA4E0EA6-B92B-469C-B32D-C2E201AC047F}.Release|x86.ActiveCfg = Release|Any CPU
		{DA4E0EA6-B92B-469C-B32D-C2E201AC047F}.Release|x86.Build.0 = Release|Any CPU
	EndGlobalSection
	GlobalSection(SolutionProperties) = preSolution
		HideSolutionNode = FALSE
	EndGlobalSection
	GlobalSection(NestedProjects) = preSolution
		{0A52A001-4856-45B0-93F9-C16DCADCC288} = {0AB3BF05-4346-4AA6-1389-037BE0695223}
		{BDE8B734-12C5-43FD-B9EF-899ABD16CB01} = {0AB3BF05-4346-4AA6-1389-037BE0695223}
		{248BED0D-CD32-4E48-8F18-23F1103D6255} = {0AB3BF05-4346-4AA6-1389-037BE0695223}
		{DA4E0EA6-B92B-469C-B32D-C2E201AC047F} = {0AB3BF05-4346-4AA6-1389-037BE0695223}
	EndGlobalSection
EndGlobal
